
Microsoft Visual Studio Solution File, Format Version 12.00
# Visual Studio 15
VisualStudioVersion = 15.0.27130.2003
MinimumVisualStudioVersion = 10.0.40219.1
Project("{FAE04EC0-301F-11D3-BF4B-00C04F79EFBC}") = "PaperMarioBattleSystem", "PaperMarioBattleSystem\PaperMarioBattleSystem.csproj", "{16FA8C8B-52AA-4FEA-A396-6B6D2F799B14}"
EndProject
Global
	GlobalSection(SolutionConfigurationPlatforms) = preSolution
		Debug|Any CPU = Debug|Any CPU
		Release|Any CPU = Release|Any CPU
	EndGlobalSection
	GlobalSection(ProjectConfigurationPlatforms) = postSolution
		{16FA8C8B-52AA-4FEA-A396-6B6D2F799B14}.Debug|Any CPU.ActiveCfg = Debug|Any CPU
		{16FA8C8B-52AA-4FEA-A396-6B6D2F799B14}.Debug|Any CPU.Build.0 = Debug|Any CPU
		{16FA8C8B-52AA-4FEA-A396-6B6D2F799B14}.Release|Any CPU.ActiveCfg = Release|Any CPU
		{16FA8C8B-52AA-4FEA-A396-6B6D2F799B14}.Release|Any CPU.Build.0 = Release|Any CPU
	EndGlobalSection
	GlobalSection(SolutionProperties) = preSolution
		HideSolutionNode = FALSE
	EndGlobalSection
	GlobalSection(ExtensibilityGlobals) = postSolution
		SolutionGuid = {79DAFB55-E314-47E5-85D5-4D5DA72B4DDC}
	EndGlobalSection
EndGlobal
